
Microsoft Visual Studio Solution File, Format Version 12.00
# Visual Studio 2012
Project("{FAE04EC0-301F-11D3-BF4B-00C04F79EFBC}") = "WebAppWithFSharpLibrary", "WebAppWithFSharpLibrary\WebAppWithFSharpLibrary.csproj", "{E515E35D-EFD0-4DB2-802A-4A51E0D99ADA}"
EndProject
Project("{F2A71F9B-5D33-465A-A702-920D77279786}") = "SomeFSharpLibrary", "SomeFSharpLibrary\SomeFSharpLibrary.fsproj", "{C64E0831-3754-4E8C-B8C1-B982DF721C6B}"
EndProject
Project("{2150E333-8FDC-42A3-9474-1A3956D46DE8}") = ".nuget", ".nuget", "{4EBED286-209A-4309-B660-DFE6A75B82D3}"
	ProjectSection(SolutionItems) = preProject
		.nuget\NuGet.Config = .nuget\NuGet.Config
		.nuget\NuGet.exe = .nuget\NuGet.exe
		.nuget\NuGet.targets = .nuget\NuGet.targets
	EndProjectSection
EndProject
Global
	GlobalSection(SolutionConfigurationPlatforms) = preSolution
		Debug|Any CPU = Debug|Any CPU
		Release|Any CPU = Release|Any CPU
	EndGlobalSection
	GlobalSection(ProjectConfigurationPlatforms) = postSolution
		{E515E35D-EFD0-4DB2-802A-4A51E0D99ADA}.Debug|Any CPU.ActiveCfg = Debug|Any CPU
		{E515E35D-EFD0-4DB2-802A-4A51E0D99ADA}.Debug|Any CPU.Build.0 = Debug|Any CPU
		{E515E35D-EFD0-4DB2-802A-4A51E0D99ADA}.Release|Any CPU.ActiveCfg = Release|Any CPU
		{E515E35D-EFD0-4DB2-802A-4A51E0D99ADA}.Release|Any CPU.Build.0 = Release|Any CPU
		{C64E0831-3754-4E8C-B8C1-B982DF721C6B}.Debug|Any CPU.ActiveCfg = Debug|Any CPU
		{C64E0831-3754-4E8C-B8C1-B982DF721C6B}.Debug|Any CPU.Build.0 = Debug|Any CPU
		{C64E0831-3754-4E8C-B8C1-B982DF721C6B}.Release|Any CPU.ActiveCfg = Release|Any CPU
		{C64E0831-3754-4E8C-B8C1-B982DF721C6B}.Release|Any CPU.Build.0 = Release|Any CPU
	EndGlobalSection
	GlobalSection(SolutionProperties) = preSolution
		HideSolutionNode = FALSE
	EndGlobalSection
EndGlobal
